
Microsoft Visual Studio Solution File, Format Version 12.00
# Visual Studio Version 16
VisualStudioVersion = 16.0.32002.261
MinimumVisualStudioVersion = 10.0.40219.1
Project("{FAE04EC0-301F-11D3-BF4B-00C04F79EFBC}") = "Break", "Break\Break.csproj", "{5952E1BF-7226-4644-B841-A8A851E7BF26}"
EndProject
Global
	GlobalSection(SolutionConfigurationPlatforms) = preSolution
		Debug|Any CPU = Debug|Any CPU
		Release|Any CPU = Release|Any CPU
	EndGlobalSection
	GlobalSection(ProjectConfigurationPlatforms) = postSolution
		{5952E1BF-7226-4644-B841-A8A851E7BF26}.Debug|Any CPU.ActiveCfg = Debug|Any CPU
		{5952E1BF-7226-4644-B841-A8A851E7BF26}.Debug|Any CPU.Build.0 = Debug|Any CPU
		{5952E1BF-7226-4644-B841-A8A851E7BF26}.Release|Any CPU.ActiveCfg = Release|Any CPU
		{5952E1BF-7226-4644-B841-A8A851E7BF26}.Release|Any CPU.Build.0 = Release|Any CPU
	EndGlobalSection
	GlobalSection(SolutionProperties) = preSolution
		HideSolutionNode = FALSE
	EndGlobalSection
	GlobalSection(ExtensibilityGlobals) = postSolution
		SolutionGuid = {F54C7F2A-949B-4201-A922-88642E734CDE}
	EndGlobalSection
EndGlobal
